
Microsoft Visual Studio Solution File, Format Version 12.00
Project("{FAE04EC0-301F-11D3-BF4B-00C04F79EFBC}") = "LogIngester", "LogIngester\LogIngester.csproj", "{52FEE035-EEAF-4699-9EEA-7FD933071C76}"
EndProject
Project("{FAE04EC0-301F-11D3-BF4B-00C04F79EFBC}") = "VictoriaMetrics", "VictoriaMetrics\VictoriaMetrics.csproj", "{6C9B03F3-8AAC-4E6E-B20B-2784D67B98C2}"
EndProject
Global
	GlobalSection(SolutionConfigurationPlatforms) = preSolution
		Debug|Any CPU = Debug|Any CPU
		Release|Any CPU = Release|Any CPU
	EndGlobalSection
	GlobalSection(ProjectConfigurationPlatforms) = postSolution
		{52FEE035-EEAF-4699-9EEA-7FD933071C76}.Debug|Any CPU.ActiveCfg = Debug|Any CPU
		{52FEE035-EEAF-4699-9EEA-7FD933071C76}.Debug|Any CPU.Build.0 = Debug|Any CPU
		{52FEE035-EEAF-4699-9EEA-7FD933071C76}.Release|Any CPU.ActiveCfg = Release|Any CPU
		{52FEE035-EEAF-4699-9EEA-7FD933071C76}.Release|Any CPU.Build.0 = Release|Any CPU
		{6C9B03F3-8AAC-4E6E-B20B-2784D67B98C2}.Debug|Any CPU.ActiveCfg = Debug|Any CPU
		{6C9B03F3-8AAC-4E6E-B20B-2784D67B98C2}.Debug|Any CPU.Build.0 = Debug|Any CPU
		{6C9B03F3-8AAC-4E6E-B20B-2784D67B98C2}.Release|Any CPU.ActiveCfg = Release|Any CPU
		{6C9B03F3-8AAC-4E6E-B20B-2784D67B98C2}.Release|Any CPU.Build.0 = Release|Any CPU
	EndGlobalSection
EndGlobal
